
Microsoft Visual Studio Solution File, Format Version 12.00
# Visual Studio Version 16
VisualStudioVersion = 16.0.31729.503
MinimumVisualStudioVersion = 10.0.40219.1
Project("{9A19103F-16F7-4668-BE54-9A1E7A4F7556}") = "Striparnica", "Striparnica\Striparnica.csproj", "{0BEE2BDE-41E6-41BF-8A8A-B3FC4A1A78A0}"
EndProject
Project("{FAE04EC0-301F-11D3-BF4B-00C04F79EFBC}") = "BlackBoxTestiranje", "BlackBoxTestiranje\BlackBoxTestiranje.csproj", "{BF3F2F11-E58B-4C26-9C6C-B2BFC8456173}"
EndProject
Global
	GlobalSection(SolutionConfigurationPlatforms) = preSolution
		Debug|Any CPU = Debug|Any CPU
		Release|Any CPU = Release|Any CPU
	EndGlobalSection
	GlobalSection(ProjectConfigurationPlatforms) = postSolution
		{0BEE2BDE-41E6-41BF-8A8A-B3FC4A1A78A0}.Debug|Any CPU.ActiveCfg = Debug|Any CPU
		{0BEE2BDE-41E6-41BF-8A8A-B3FC4A1A78A0}.Debug|Any CPU.Build.0 = Debug|Any CPU
		{0BEE2BDE-41E6-41BF-8A8A-B3FC4A1A78A0}.Release|Any CPU.ActiveCfg = Release|Any CPU
		{0BEE2BDE-41E6-41BF-8A8A-B3FC4A1A78A0}.Release|Any CPU.Build.0 = Release|Any CPU
		{BF3F2F11-E58B-4C26-9C6C-B2BFC8456173}.Debug|Any CPU.ActiveCfg = Debug|Any CPU
		{BF3F2F11-E58B-4C26-9C6C-B2BFC8456173}.Debug|Any CPU.Build.0 = Debug|Any CPU
		{BF3F2F11-E58B-4C26-9C6C-B2BFC8456173}.Release|Any CPU.ActiveCfg = Release|Any CPU
		{BF3F2F11-E58B-4C26-9C6C-B2BFC8456173}.Release|Any CPU.Build.0 = Release|Any CPU
	EndGlobalSection
	GlobalSection(SolutionProperties) = preSolution
		HideSolutionNode = FALSE
	EndGlobalSection
	GlobalSection(ExtensibilityGlobals) = postSolution
		SolutionGuid = {8AEE8DA5-63E6-4EE2-8A72-64F34BA8575A}
	EndGlobalSection
EndGlobal
